
Microsoft Visual Studio Solution File, Format Version 12.00
# Visual Studio Version 18
VisualStudioVersion = 18.1.11312.151
MinimumVisualStudioVersion = 10.0.40219.1
Project("{9A19103F-16F7-4668-BE54-9A1E7A4F7556}") = "BabelFish", "src\BabelFish\BabelFish.csproj", "{EDDD03F7-B6DC-4DCF-A440-CA81993B99FD}"
EndProject
Project("{FAE04EC0-301F-11D3-BF4B-00C04F79EFBC}") = "BabelFish.Tests", "tests\BabelFish.Tests\BabelFish.Tests.csproj", "{2A7B7835-A60B-462D-BFF3-D9DE6F3DE1DF}"
EndProject
Project("{FAE04EC0-301F-11D3-BF4B-00C04F79EFBC}") = "BabelFish.Reports", "src\BabelFish.Reports\BabelFish.Reports.csproj", "{94F00603-B0E4-4DF6-A6D1-C42A6B2A7232}"
EndProject
Project("{2150E333-8FDC-42A3-9474-1A3956D46DE8}") = "TestFolder 1", "TestFolder 1", "{C3D40BB8-2E0C-4206-B5B1-20597696B00C}"
	ProjectSection(SolutionItems) = preProject
		src\BabelFish\Sandcastle\BabelFishSandcastleBuild.shfbproj = src\BabelFish\Sandcastle\BabelFishSandcastleBuild.shfbproj
		src\BabelFish\Sandcastle\CustomGA.content = src\BabelFish\Sandcastle\CustomGA.content
	EndProjectSection
EndProject
Global
	GlobalSection(SolutionConfigurationPlatforms) = preSolution
		Debug|Any CPU = Debug|Any CPU
		Release|Any CPU = Release|Any CPU
	EndGlobalSection
	GlobalSection(ProjectConfigurationPlatforms) = postSolution
		{EDDD03F7-B6DC-4DCF-A440-CA81993B99FD}.Debug|Any CPU.ActiveCfg = Debug|Any CPU
		{EDDD03F7-B6DC-4DCF-A440-CA81993B99FD}.Debug|Any CPU.Build.0 = Debug|Any CPU
		{EDDD03F7-B6DC-4DCF-A440-CA81993B99FD}.Release|Any CPU.ActiveCfg = Release|Any CPU
		{EDDD03F7-B6DC-4DCF-A440-CA81993B99FD}.Release|Any CPU.Build.0 = Release|Any CPU
		{2A7B7835-A60B-462D-BFF3-D9DE6F3DE1DF}.Debug|Any CPU.ActiveCfg = Debug|Any CPU
		{2A7B7835-A60B-462D-BFF3-D9DE6F3DE1DF}.Debug|Any CPU.Build.0 = Debug|Any CPU
		{2A7B7835-A60B-462D-BFF3-D9DE6F3DE1DF}.Release|Any CPU.ActiveCfg = Release|Any CPU
		{2A7B7835-A60B-462D-BFF3-D9DE6F3DE1DF}.Release|Any CPU.Build.0 = Release|Any CPU
		{94F00603-B0E4-4DF6-A6D1-C42A6B2A7232}.Debug|Any CPU.ActiveCfg = Debug|Any CPU
		{94F00603-B0E4-4DF6-A6D1-C42A6B2A7232}.Debug|Any CPU.Build.0 = Debug|Any CPU
		{94F00603-B0E4-4DF6-A6D1-C42A6B2A7232}.Release|Any CPU.ActiveCfg = Release|Any CPU
		{94F00603-B0E4-4DF6-A6D1-C42A6B2A7232}.Release|Any CPU.Build.0 = Release|Any CPU
	EndGlobalSection
	GlobalSection(SolutionProperties) = preSolution
		HideSolutionNode = FALSE
	EndGlobalSection
	GlobalSection(ExtensibilityGlobals) = postSolution
		SolutionGuid = {C690BD9A-FEFF-4070-B92F-904A8513FCE6}
	EndGlobalSection
EndGlobal
